// !$*UTF8*$!
{
	archiveVersion = 1;
	classes = {
	};
	objectVersion = 77;
	objects = {

/* Begin PBXBuildFile section */
		59D7591E2ED367E300920F7C /* GoogleService-Info.plist in Resources */ = {isa = PBXBuildFile; fileRef = 59D7591D2ED367E300920F7C /* GoogleService-Info.plist */; };
		59D759212ED36B4F00920F7C /* FirebaseAI in Frameworks */ = {isa = PBXBuildFile; productRef = 59D759202ED36B4F00920F7C /* FirebaseAI */; };
		59D759232ED36B4F00920F7C /* FirebaseAILogic in Frameworks */ = {isa = PBXBuildFile; productRef = 59D759222ED36B4F00920F7C /* FirebaseAILogic */; };
		59D759252ED36B4F00920F7C /* FirebaseAnalytics in Frameworks */ = {isa = PBXBuildFile; productRef = 59D759242ED36B4F00920F7C /* FirebaseAnalytics */; };
		59D759272ED36B4F00920F7C /* FirebaseAnalyticsCore in Frameworks */ = {isa = PBXBuildFile; productRef = 59D759262ED36B4F00920F7C /* FirebaseAnalyticsCore */; };
		59D759292ED36B4F00920F7C /* FirebaseAnalyticsIdentitySupport in Frameworks */ = {isa = PBXBuildFile; productRef = 59D759282ED36B4F00920F7C /* FirebaseAnalyticsIdentitySupport */; };
		59D7592B2ED36B4F00920F7C /* FirebaseAppCheck in Frameworks */ = {isa = PBXBuildFile; productRef = 59D7592A2ED36B4F00920F7C /* FirebaseAppCheck */; };
		59D7592D2ED36B4F00920F7C /* FirebaseAppDistribution-Beta in Frameworks */ = {isa = PBXBuildFile; productRef = 59D7592C2ED36B4F00920F7C /* FirebaseAppDistribution-Beta */; };
		59D7592F2ED36B4F00920F7C /* FirebaseAuth in Frameworks */ = {isa = PBXBuildFile; productRef = 59D7592E2ED36B4F00920F7C /* FirebaseAuth */; };
		59D759312ED36B4F00920F7C /* FirebaseAuthCombine-Community in Frameworks */ = {isa = PBXBuildFile; productRef = 59D759302ED36B4F00920F7C /* FirebaseAuthCombine-Community */; };
		59D759332ED36B4F00920F7C /* FirebaseCore in Frameworks */ = {isa = PBXBuildFile; productRef = 59D759322ED36B4F00920F7C /* FirebaseCore */; };
		59D759352ED36B4F00920F7C /* FirebaseCrashlytics in Frameworks */ = {isa = PBXBuildFile; productRef = 59D759342ED36B4F00920F7C /* FirebaseCrashlytics */; };
		59D759372ED36B4F00920F7C /* FirebaseDatabase in Frameworks */ = {isa = PBXBuildFile; productRef = 59D759362ED36B4F00920F7C /* FirebaseDatabase */; };
		59D759392ED36B4F00920F7C /* FirebaseFirestore in Frameworks */ = {isa = PBXBuildFile; productRef = 59D759382ED36B4F00920F7C /* FirebaseFirestore */; };
		59D7593B2ED36B4F00920F7C /* FirebaseFirestoreCombine-Community in Frameworks */ = {isa = PBXBuildFile; productRef = 59D7593A2ED36B4F00920F7C /* FirebaseFirestoreCombine-Community */; };
		59D7593D2ED36B4F00920F7C /* FirebaseFunctions in Frameworks */ = {isa = PBXBuildFile; productRef = 59D7593C2ED36B4F00920F7C /* FirebaseFunctions */; };
		59D7593F2ED36B4F00920F7C /* FirebaseFunctionsCombine-Community in Frameworks */ = {isa = PBXBuildFile; productRef = 59D7593E2ED36B4F00920F7C /* FirebaseFunctionsCombine-Community */; };
		59D759412ED36B4F00920F7C /* FirebaseInAppMessaging-Beta in Frameworks */ = {isa = PBXBuildFile; productRef = 59D759402ED36B4F00920F7C /* FirebaseInAppMessaging-Beta */; };
		59D759432ED36B4F00920F7C /* FirebaseInstallations in Frameworks */ = {isa = PBXBuildFile; productRef = 59D759422ED36B4F00920F7C /* FirebaseInstallations */; };
		59D759452ED36B4F00920F7C /* FirebaseMLModelDownloader in Frameworks */ = {isa = PBXBuildFile; productRef = 59D759442ED36B4F00920F7C /* FirebaseMLModelDownloader */; };
		59D759472ED36B4F00920F7C /* FirebaseMessaging in Frameworks */ = {isa = PBXBuildFile; productRef = 59D759462ED36B4F00920F7C /* FirebaseMessaging */; };
		59D759492ED36B4F00920F7C /* FirebasePerformance in Frameworks */ = {isa = PBXBuildFile; productRef = 59D759482ED36B4F00920F7C /* FirebasePerformance */; };
		59D7594B2ED36B4F00920F7C /* FirebaseRemoteConfig in Frameworks */ = {isa = PBXBuildFile; productRef = 59D7594A2ED36B4F00920F7C /* FirebaseRemoteConfig */; };
		59D7594D2ED36B4F00920F7C /* FirebaseStorage in Frameworks */ = {isa = PBXBuildFile; productRef = 59D7594C2ED36B4F00920F7C /* FirebaseStorage */; };
		59D7594F2ED36B4F00920F7C /* FirebaseStorageCombine-Community in Frameworks */ = {isa = PBXBuildFile; productRef = 59D7594E2ED36B4F00920F7C /* FirebaseStorageCombine-Community */; };
/* End PBXBuildFile section */

/* Begin PBXFileReference section */
		59D7590F2ED3669100920F7C /* Recipes.app */ = {isa = PBXFileReference; explicitFileType = wrapper.application; includeInIndex = 0; path = Recipes.app; sourceTree = BUILT_PRODUCTS_DIR; };
		59D7591D2ED367E300920F7C /* GoogleService-Info.plist */ = {isa = PBXFileReference; lastKnownFileType = text.plist.xml; path = "GoogleService-Info.plist"; sourceTree = "<group>"; };
/* End PBXFileReference section */

/* Begin PBXFileSystemSynchronizedRootGroup section */
		59D759112ED3669100920F7C /* Recipes */ = {
			isa = PBXFileSystemSynchronizedRootGroup;
			path = Recipes;
			sourceTree = "<group>";
		};
/* End PBXFileSystemSynchronizedRootGroup section */

/* Begin PBXFrameworksBuildPhase section */
		59D7590C2ED3669100920F7C /* Frameworks */ = {
			isa = PBXFrameworksBuildPhase;
			buildActionMask = 2147483647;
			files = (
				59D7592D2ED36B4F00920F7C /* FirebaseAppDistribution-Beta in Frameworks */,
				59D759392ED36B4F00920F7C /* FirebaseFirestore in Frameworks */,
				59D759312ED36B4F00920F7C /* FirebaseAuthCombine-Community in Frameworks */,
				59D759432ED36B4F00920F7C /* FirebaseInstallations in Frameworks */,
				59D759232ED36B4F00920F7C /* FirebaseAILogic in Frameworks */,
				59D759292ED36B4F00920F7C /* FirebaseAnalyticsIdentitySupport in Frameworks */,
				59D759412ED36B4F00920F7C /* FirebaseInAppMessaging-Beta in Frameworks */,
				59D759212ED36B4F00920F7C /* FirebaseAI in Frameworks */,
				59D759352ED36B4F00920F7C /* FirebaseCrashlytics in Frameworks */,
				59D7593F2ED36B4F00920F7C /* FirebaseFunctionsCombine-Community in Frameworks */,
				59D7594F2ED36B4F00920F7C /* FirebaseStorageCombine-Community in Frameworks */,
				59D759372ED36B4F00920F7C /* FirebaseDatabase in Frameworks */,
				59D7594D2ED36B4F00920F7C /* FirebaseStorage in Frameworks */,
				59D7594B2ED36B4F00920F7C /* FirebaseRemoteConfig in Frameworks */,
				59D759252ED36B4F00920F7C /* FirebaseAnalytics in Frameworks */,
				59D759472ED36B4F00920F7C /* FirebaseMessaging in Frameworks */,
				59D759452ED36B4F00920F7C /* FirebaseMLModelDownloader in Frameworks */,
				59D759492ED36B4F00920F7C /* FirebasePerformance in Frameworks */,
				59D759332ED36B4F00920F7C /* FirebaseCore in Frameworks */,
				59D7592B2ED36B4F00920F7C /* FirebaseAppCheck in Frameworks */,
				59D759272ED36B4F00920F7C /* FirebaseAnalyticsCore in Frameworks */,
				59D7593D2ED36B4F00920F7C /* FirebaseFunctions in Frameworks */,
				59D7592F2ED36B4F00920F7C /* FirebaseAuth in Frameworks */,
				59D7593B2ED36B4F00920F7C /* FirebaseFirestoreCombine-Community in Frameworks */,
			);
			runOnlyForDeploymentPostprocessing = 0;
		};
/* End PBXFrameworksBuildPhase section */

/* Begin PBXGroup section */
		59D759062ED3669100920F7C = {
			isa = PBXGroup;
			children = (
				59D759112ED3669100920F7C /* Recipes */,
				59D7591D2ED367E300920F7C /* GoogleService-Info.plist */,
				59D759102ED3669100920F7C /* Products */,
			);
			sourceTree = "<group>";
		};
		59D759102ED3669100920F7C /* Products */ = {
			isa = PBXGroup;
			children = (
				59D7590F2ED3669100920F7C /* Recipes.app */,
			);
			name = Products;
			sourceTree = "<group>";
		};
/* End PBXGroup section */

/* Begin PBXNativeTarget section */
		59D7590E2ED3669100920F7C /* Recipes */ = {
			isa = PBXNativeTarget;
			buildConfigurationList = 59D7591A2ED3669200920F7C /* Build configuration list for PBXNativeTarget "Recipes" */;
			buildPhases = (
				59D7590B2ED3669100920F7C /* Sources */,
				59D7590C2ED3669100920F7C /* Frameworks */,
				59D7590D2ED3669100920F7C /* Resources */,
			);
			buildRules = (
			);
			dependencies = (
			);
			fileSystemSynchronizedGroups = (
				59D759112ED3669100920F7C /* Recipes */,
			);
			name = Recipes;
			packageProductDependencies = (
				59D759202ED36B4F00920F7C /* FirebaseAI */,
				59D759222ED36B4F00920F7C /* FirebaseAILogic */,
				59D759242ED36B4F00920F7C /* FirebaseAnalytics */,
				59D759262ED36B4F00920F7C /* FirebaseAnalyticsCore */,
				59D759282ED36B4F00920F7C /* FirebaseAnalyticsIdentitySupport */,
				59D7592A2ED36B4F00920F7C /* FirebaseAppCheck */,
				59D7592C2ED36B4F00920F7C /* FirebaseAppDistribution-Beta */,
				59D7592E2ED36B4F00920F7C /* FirebaseAuth */,
				59D759302ED36B4F00920F7C /* FirebaseAuthCombine-Community */,
				59D759322ED36B4F00920F7C /* FirebaseCore */,
				59D759342ED36B4F00920F7C /* FirebaseCrashlytics */,
				59D759362ED36B4F00920F7C /* FirebaseDatabase */,
				59D759382ED36B4F00920F7C /* FirebaseFirestore */,
				59D7593A2ED36B4F00920F7C /* FirebaseFirestoreCombine-Community */,
				59D7593C2ED36B4F00920F7C /* FirebaseFunctions */,
				59D7593E2ED36B4F00920F7C /* FirebaseFunctionsCombine-Community */,
				59D759402ED36B4F00920F7C /* FirebaseInAppMessaging-Beta */,
				59D759422ED36B4F00920F7C /* FirebaseInstallations */,
				59D759442ED36B4F00920F7C /* FirebaseMLModelDownloader */,
				59D759462ED36B4F00920F7C /* FirebaseMessaging */,
				59D759482ED36B4F00920F7C /* FirebasePerformance */,
				59D7594A2ED36B4F00920F7C /* FirebaseRemoteConfig */,
				59D7594C2ED36B4F00920F7C /* FirebaseStorage */,
				59D7594E2ED36B4F00920F7C /* FirebaseStorageCombine-Community */,
			);
			productName = Recipes;
			productReference = 59D7590F2ED3669100920F7C /* Recipes.app */;
			productType = "com.apple.product-type.application";
		};
/* End PBXNativeTarget section */

/* Begin PBXProject section */
		59D759072ED3669100920F7C /* Project object */ = {
			isa = PBXProject;
			attributes = {
				BuildIndependentTargetsInParallel = 1;
				LastSwiftUpdateCheck = 2610;
				LastUpgradeCheck = 2610;
				TargetAttributes = {
					59D7590E2ED3669100920F7C = {
						CreatedOnToolsVersion = 26.1.1;
					};
				};
			};
			buildConfigurationList = 59D7590A2ED3669100920F7C /* Build configuration list for PBXProject "Recipes" */;
			developmentRegion = en;
			hasScannedForEncodings = 0;
			knownRegions = (
				en,
				Base,
			);
			mainGroup = 59D759062ED3669100920F7C;
			minimizedProjectReferenceProxies = 1;
			packageReferences = (
				59D7591F2ED36A5800920F7C /* XCRemoteSwiftPackageReference "firebase-ios-sdk" */,
			);
			preferredProjectObjectVersion = 77;
			productRefGroup = 59D759102ED3669100920F7C /* Products */;
			projectDirPath = "";
			projectRoot = "";
			targets = (
				59D7590E2ED3669100920F7C /* Recipes */,
			);
		};
/* End PBXProject section */

/* Begin PBXResourcesBuildPhase section */
		59D7590D2ED3669100920F7C /* Resources */ = {
			isa = PBXResourcesBuildPhase;
			buildActionMask = 2147483647;
			files = (
				59D7591E2ED367E300920F7C /* GoogleService-Info.plist in Resources */,
			);
			runOnlyForDeploymentPostprocessing = 0;
		};
/* End PBXResourcesBuildPhase section */

/* Begin PBXSourcesBuildPhase section */
		59D7590B2ED3669100920F7C /* Sources */ = {
			isa = PBXSourcesBuildPhase;
			buildActionMask = 2147483647;
			files = (
			);
			runOnlyForDeploymentPostprocessing = 0;
		};
/* End PBXSourcesBuildPhase section */

/* Begin XCBuildConfiguration section */
		59D759182ED3669200920F7C /* Debug */ = {
			isa = XCBuildConfiguration;
			buildSettings = {
				ALWAYS_SEARCH_USER_PATHS = NO;
				ASSETCATALOG_COMPILER_GENERATE_SWIFT_ASSET_SYMBOL_EXTENSIONS = YES;
				CLANG_ANALYZER_NONNULL = YES;
				CLANG_ANALYZER_NUMBER_OBJECT_CONVERSION = YES_AGGRESSIVE;
				CLANG_CXX_LANGUAGE_STANDARD = "gnu++20";
				CLANG_ENABLE_MODULES = YES;
				CLANG_ENABLE_OBJC_ARC = YES;
				CLANG_ENABLE_OBJC_WEAK = YES;
				CLANG_WARN_BLOCK_CAPTURE_AUTORELEASING = YES;
				CLANG_WARN_BOOL_CONVERSION = YES;
				CLANG_WARN_COMMA = YES;
				CLANG_WARN_CONSTANT_CONVERSION = YES;
				CLANG_WARN_DEPRECATED_OBJC_IMPLEMENTATIONS = YES;
				CLANG_WARN_DIRECT_OBJC_ISA_USAGE = YES_ERROR;
				CLANG_WARN_DOCUMENTATION_COMMENTS = YES;
				CLANG_WARN_EMPTY_BODY = YES;
				CLANG_WARN_ENUM_CONVERSION = YES;
				CLANG_WARN_INFINITE_RECURSION = YES;
				CLANG_WARN_INT_CONVERSION = YES;
				CLANG_WARN_NON_LITERAL_NULL_CONVERSION = YES;
				CLANG_WARN_OBJC_IMPLICIT_RETAIN_SELF = YES;
				CLANG_WARN_OBJC_LITERAL_CONVERSION = YES;
				CLANG_WARN_OBJC_ROOT_CLASS = YES_ERROR;
				CLANG_WARN_QUOTED_INCLUDE_IN_FRAMEWORK_HEADER = YES;
				CLANG_WARN_RANGE_LOOP_ANALYSIS = YES;
				CLANG_WARN_STRICT_PROTOTYPES = YES;
				CLANG_WARN_SUSPICIOUS_MOVE = YES;
				CLANG_WARN_UNGUARDED_AVAILABILITY = YES_AGGRESSIVE;
				CLANG_WARN_UNREACHABLE_CODE = YES;
				CLANG_WARN__DUPLICATE_METHOD_MATCH = YES;
				COPY_PHASE_STRIP = NO;
				DEBUG_INFORMATION_FORMAT = dwarf;
				ENABLE_STRICT_OBJC_MSGSEND = YES;
				ENABLE_TESTABILITY = YES;
				ENABLE_USER_SCRIPT_SANDBOXING = YES;
				GCC_C_LANGUAGE_STANDARD = gnu17;
				GCC_DYNAMIC_NO_PIC = NO;
				GCC_NO_COMMON_BLOCKS = YES;
				GCC_OPTIMIZATION_LEVEL = 0;
				GCC_PREPROCESSOR_DEFINITIONS = (
					"DEBUG=1",
					"$(inherited)",
				);
				GCC_WARN_64_TO_32_BIT_CONVERSION = YES;
				GCC_WARN_ABOUT_RETURN_TYPE = YES_ERROR;
				GCC_WARN_UNDECLARED_SELECTOR = YES;
				GCC_WARN_UNINITIALIZED_AUTOS = YES_AGGRESSIVE;
				GCC_WARN_UNUSED_FUNCTION = YES;
				GCC_WARN_UNUSED_VARIABLE = YES;
				IPHONEOS_DEPLOYMENT_TARGET = 26.1;
				LOCALIZATION_PREFERS_STRING_CATALOGS = YES;
				MTL_ENABLE_DEBUG_INFO = INCLUDE_SOURCE;
				MTL_FAST_MATH = YES;
				ONLY_ACTIVE_ARCH = YES;
				SDKROOT = iphoneos;
				SWIFT_ACTIVE_COMPILATION_CONDITIONS = "DEBUG $(inherited)";
				SWIFT_OPTIMIZATION_LEVEL = "-Onone";
			};
			name = Debug;
		};
		59D759192ED3669200920F7C /* Release */ = {
			isa = XCBuildConfiguration;
			buildSettings = {
				ALWAYS_SEARCH_USER_PATHS = NO;
				ASSETCATALOG_COMPILER_GENERATE_SWIFT_ASSET_SYMBOL_EXTENSIONS = YES;
				CLANG_ANALYZER_NONNULL = YES;
				CLANG_ANALYZER_NUMBER_OBJECT_CONVERSION = YES_AGGRESSIVE;
				CLANG_CXX_LANGUAGE_STANDARD = "gnu++20";
				CLANG_ENABLE_MODULES = YES;
				CLANG_ENABLE_OBJC_ARC = YES;
				CLANG_ENABLE_OBJC_WEAK = YES;
				CLANG_WARN_BLOCK_CAPTURE_AUTORELEASING = YES;
				CLANG_WARN_BOOL_CONVERSION = YES;
				CLANG_WARN_COMMA = YES;
				CLANG_WARN_CONSTANT_CONVERSION = YES;
				CLANG_WARN_DEPRECATED_OBJC_IMPLEMENTATIONS = YES;
				CLANG_WARN_DIRECT_OBJC_ISA_USAGE = YES_ERROR;
				CLANG_WARN_DOCUMENTATION_COMMENTS = YES;
				CLANG_WARN_EMPTY_BODY = YES;
				CLANG_WARN_ENUM_CONVERSION = YES;
				CLANG_WARN_INFINITE_RECURSION = YES;
				CLANG_WARN_INT_CONVERSION = YES;
				CLANG_WARN_NON_LITERAL_NULL_CONVERSION = YES;
				CLANG_WARN_OBJC_IMPLICIT_RETAIN_SELF = YES;
				CLANG_WARN_OBJC_LITERAL_CONVERSION = YES;
				CLANG_WARN_OBJC_ROOT_CLASS = YES_ERROR;
				CLANG_WARN_QUOTED_INCLUDE_IN_FRAMEWORK_HEADER = YES;
				CLANG_WARN_RANGE_LOOP_ANALYSIS = YES;
				CLANG_WARN_STRICT_PROTOTYPES = YES;
				CLANG_WARN_SUSPICIOUS_MOVE = YES;
				CLANG_WARN_UNGUARDED_AVAILABILITY = YES_AGGRESSIVE;
				CLANG_WARN_UNREACHABLE_CODE = YES;
				CLANG_WARN__DUPLICATE_METHOD_MATCH = YES;
				COPY_PHASE_STRIP = NO;
				DEBUG_INFORMATION_FORMAT = "dwarf-with-dsym";
				ENABLE_NS_ASSERTIONS = NO;
				ENABLE_STRICT_OBJC_MSGSEND = YES;
				ENABLE_USER_SCRIPT_SANDBOXING = YES;
				GCC_C_LANGUAGE_STANDARD = gnu17;
				GCC_NO_COMMON_BLOCKS = YES;
				GCC_WARN_64_TO_32_BIT_CONVERSION = YES;
				GCC_WARN_ABOUT_RETURN_TYPE = YES_ERROR;
				GCC_WARN_UNDECLARED_SELECTOR = YES;
				GCC_WARN_UNINITIALIZED_AUTOS = YES_AGGRESSIVE;
				GCC_WARN_UNUSED_FUNCTION = YES;
				GCC_WARN_UNUSED_VARIABLE = YES;
				IPHONEOS_DEPLOYMENT_TARGET = 26.1;
				LOCALIZATION_PREFERS_STRING_CATALOGS = YES;
				MTL_ENABLE_DEBUG_INFO = NO;
				MTL_FAST_MATH = YES;
				SDKROOT = iphoneos;
				SWIFT_COMPILATION_MODE = wholemodule;
				VALIDATE_PRODUCT = YES;
			};
			name = Release;
		};
		59D7591B2ED3669200920F7C /* Debug */ = {
			isa = XCBuildConfiguration;
			buildSettings = {
				ASSETCATALOG_COMPILER_APPICON_NAME = AppIcon;
				ASSETCATALOG_COMPILER_GLOBAL_ACCENT_COLOR_NAME = AccentColor;
				CODE_SIGN_STYLE = Automatic;
				CURRENT_PROJECT_VERSION = 1;
				DEVELOPMENT_TEAM = GRTK4LL952;
				ENABLE_PREVIEWS = YES;
				GENERATE_INFOPLIST_FILE = YES;
				INFOPLIST_KEY_UIApplicationSceneManifest_Generation = YES;
				INFOPLIST_KEY_UIApplicationSupportsIndirectInputEvents = YES;
				INFOPLIST_KEY_UILaunchScreen_Generation = YES;
				INFOPLIST_KEY_UISupportedInterfaceOrientations_iPad = "UIInterfaceOrientationPortrait UIInterfaceOrientationPortraitUpsideDown UIInterfaceOrientationLandscapeLeft UIInterfaceOrientationLandscapeRight";
				INFOPLIST_KEY_UISupportedInterfaceOrientations_iPhone = "UIInterfaceOrientationPortrait UIInterfaceOrientationLandscapeLeft UIInterfaceOrientationLandscapeRight";
				LD_RUNPATH_SEARCH_PATHS = (
					"$(inherited)",
					"@executable_path/Frameworks",
				);
				MARKETING_VERSION = 1.0;
				PRODUCT_BUNDLE_IDENTIFIER = com.Recipes;
				PRODUCT_NAME = "$(TARGET_NAME)";
				STRING_CATALOG_GENERATE_SYMBOLS = YES;
				SWIFT_APPROACHABLE_CONCURRENCY = YES;
				SWIFT_DEFAULT_ACTOR_ISOLATION = MainActor;
				SWIFT_EMIT_LOC_STRINGS = YES;
				SWIFT_UPCOMING_FEATURE_MEMBER_IMPORT_VISIBILITY = YES;
				SWIFT_VERSION = 5.0;
				TARGETED_DEVICE_FAMILY = "1,2";
			};
			name = Debug;
		};
		59D7591C2ED3669200920F7C /* Release */ = {
			isa = XCBuildConfiguration;
			buildSettings = {
				ASSETCATALOG_COMPILER_APPICON_NAME = AppIcon;
				ASSETCATALOG_COMPILER_GLOBAL_ACCENT_COLOR_NAME = AccentColor;
				CODE_SIGN_STYLE = Automatic;
				CURRENT_PROJECT_VERSION = 1;
				DEVELOPMENT_TEAM = GRTK4LL952;
				ENABLE_PREVIEWS = YES;
				GENERATE_INFOPLIST_FILE = YES;
				INFOPLIST_KEY_UIApplicationSceneManifest_Generation = YES;
				INFOPLIST_KEY_UIApplicationSupportsIndirectInputEvents = YES;
				INFOPLIST_KEY_UILaunchScreen_Generation = YES;
				INFOPLIST_KEY_UISupportedInterfaceOrientations_iPad = "UIInterfaceOrientationPortrait UIInterfaceOrientationPortraitUpsideDown UIInterfaceOrientationLandscapeLeft UIInterfaceOrientationLandscapeRight";
				INFOPLIST_KEY_UISupportedInterfaceOrientations_iPhone = "UIInterfaceOrientationPortrait UIInterfaceOrientationLandscapeLeft UIInterfaceOrientationLandscapeRight";
				LD_RUNPATH_SEARCH_PATHS = (
					"$(inherited)",
					"@executable_path/Frameworks",
				);
				MARKETING_VERSION = 1.0;
				PRODUCT_BUNDLE_IDENTIFIER = com.Recipes;
				PRODUCT_NAME = "$(TARGET_NAME)";
				STRING_CATALOG_GENERATE_SYMBOLS = YES;
				SWIFT_APPROACHABLE_CONCURRENCY = YES;
				SWIFT_DEFAULT_ACTOR_ISOLATION = MainActor;
				SWIFT_EMIT_LOC_STRINGS = YES;
				SWIFT_UPCOMING_FEATURE_MEMBER_IMPORT_VISIBILITY = YES;
				SWIFT_VERSION = 5.0;
				TARGETED_DEVICE_FAMILY = "1,2";
			};
			name = Release;
		};
/* End XCBuildConfiguration section */

/* Begin XCConfigurationList section */
		59D7590A2ED3669100920F7C /* Build configuration list for PBXProject "Recipes" */ = {
			isa = XCConfigurationList;
			buildConfigurations = (
				59D759182ED3669200920F7C /* Debug */,
				59D759192ED3669200920F7C /* Release */,
			);
			defaultConfigurationIsVisible = 0;
			defaultConfigurationName = Release;
		};
		59D7591A2ED3669200920F7C /* Build configuration list for PBXNativeTarget "Recipes" */ = {
			isa = XCConfigurationList;
			buildConfigurations = (
				59D7591B2ED3669200920F7C /* Debug */,
				59D7591C2ED3669200920F7C /* Release */,
			);
			defaultConfigurationIsVisible = 0;
			defaultConfigurationName = Release;
		};
/* End XCConfigurationList section */

/* Begin XCRemoteSwiftPackageReference section */
		59D7591F2ED36A5800920F7C /* XCRemoteSwiftPackageReference "firebase-ios-sdk" */ = {
			isa = XCRemoteSwiftPackageReference;
			repositoryURL = "https://github.com/firebase/firebase-ios-sdk";
			requirement = {
				kind = upToNextMajorVersion;
				minimumVersion = 12.6.0;
			};
		};
/* End XCRemoteSwiftPackageReference section */

/* Begin XCSwiftPackageProductDependency section */
		59D759202ED36B4F00920F7C /* FirebaseAI */ = {
			isa = XCSwiftPackageProductDependency;
			package = 59D7591F2ED36A5800920F7C /* XCRemoteSwiftPackageReference "firebase-ios-sdk" */;
			productName = FirebaseAI;
		};
		59D759222ED36B4F00920F7C /* FirebaseAILogic */ = {
			isa = XCSwiftPackageProductDependency;
			package = 59D7591F2ED36A5800920F7C /* XCRemoteSwiftPackageReference "firebase-ios-sdk" */;
			productName = FirebaseAILogic;
		};
		59D759242ED36B4F00920F7C /* FirebaseAnalytics */ = {
			isa = XCSwiftPackageProductDependency;
			package = 59D7591F2ED36A5800920F7C /* XCRemoteSwiftPackageReference "firebase-ios-sdk" */;
			productName = FirebaseAnalytics;
		};
		59D759262ED36B4F00920F7C /* FirebaseAnalyticsCore */ = {
			isa = XCSwiftPackageProductDependency;
			package = 59D7591F2ED36A5800920F7C /* XCRemoteSwiftPackageReference "firebase-ios-sdk" */;
			productName = FirebaseAnalyticsCore;
		};
		59D759282ED36B4F00920F7C /* FirebaseAnalyticsIdentitySupport */ = {
			isa = XCSwiftPackageProductDependency;
			package = 59D7591F2ED36A5800920F7C /* XCRemoteSwiftPackageReference "firebase-ios-sdk" */;
			productName = FirebaseAnalyticsIdentitySupport;
		};
		59D7592A2ED36B4F00920F7C /* FirebaseAppCheck */ = {
			isa = XCSwiftPackageProductDependency;
			package = 59D7591F2ED36A5800920F7C /* XCRemoteSwiftPackageReference "firebase-ios-sdk" */;
			productName = FirebaseAppCheck;
		};
		59D7592C2ED36B4F00920F7C /* FirebaseAppDistribution-Beta */ = {
			isa = XCSwiftPackageProductDependency;
			package = 59D7591F2ED36A5800920F7C /* XCRemoteSwiftPackageReference "firebase-ios-sdk" */;
			productName = "FirebaseAppDistribution-Beta";
		};
		59D7592E2ED36B4F00920F7C /* FirebaseAuth */ = {
			isa = XCSwiftPackageProductDependency;
			package = 59D7591F2ED36A5800920F7C /* XCRemoteSwiftPackageReference "firebase-ios-sdk" */;
			productName = FirebaseAuth;
		};
		59D759302ED36B4F00920F7C /* FirebaseAuthCombine-Community */ = {
			isa = XCSwiftPackageProductDependency;
			package = 59D7591F2ED36A5800920F7C /* XCRemoteSwiftPackageReference "firebase-ios-sdk" */;
			productName = "FirebaseAuthCombine-Community";
		};
		59D759322ED36B4F00920F7C /* FirebaseCore */ = {
			isa = XCSwiftPackageProductDependency;
			package = 59D7591F2ED36A5800920F7C /* XCRemoteSwiftPackageReference "firebase-ios-sdk" */;
			productName = FirebaseCore;
		};
		59D759342ED36B4F00920F7C /* FirebaseCrashlytics */ = {
			isa = XCSwiftPackageProductDependency;
			package = 59D7591F2ED36A5800920F7C /* XCRemoteSwiftPackageReference "firebase-ios-sdk" */;
			productName = FirebaseCrashlytics;
		};
		59D759362ED36B4F00920F7C /* FirebaseDatabase */ = {
			isa = XCSwiftPackageProductDependency;
			package = 59D7591F2ED36A5800920F7C /* XCRemoteSwiftPackageReference "firebase-ios-sdk" */;
			productName = FirebaseDatabase;
		};
		59D759382ED36B4F00920F7C /* FirebaseFirestore */ = {
			isa = XCSwiftPackageProductDependency;
			package = 59D7591F2ED36A5800920F7C /* XCRemoteSwiftPackageReference "firebase-ios-sdk" */;
			productName = FirebaseFirestore;
		};
		59D7593A2ED36B4F00920F7C /* FirebaseFirestoreCombine-Community */ = {
			isa = XCSwiftPackageProductDependency;
			package = 59D7591F2ED36A5800920F7C /* XCRemoteSwiftPackageReference "firebase-ios-sdk" */;
			productName = "FirebaseFirestoreCombine-Community";
		};
		59D7593C2ED36B4F00920F7C /* FirebaseFunctions */ = {
			isa = XCSwiftPackageProductDependency;
			package = 59D7591F2ED36A5800920F7C /* XCRemoteSwiftPackageReference "firebase-ios-sdk" */;
			productName = FirebaseFunctions;
		};
		59D7593E2ED36B4F00920F7C /* FirebaseFunctionsCombine-Community */ = {
			isa = XCSwiftPackageProductDependency;
			package = 59D7591F2ED36A5800920F7C /* XCRemoteSwiftPackageReference "firebase-ios-sdk" */;
			productName = "FirebaseFunctionsCombine-Community";
		};
		59D759402ED36B4F00920F7C /* FirebaseInAppMessaging-Beta */ = {
			isa = XCSwiftPackageProductDependency;
			package = 59D7591F2ED36A5800920F7C /* XCRemoteSwiftPackageReference "firebase-ios-sdk" */;
			productName = "FirebaseInAppMessaging-Beta";
		};
		59D759422ED36B4F00920F7C /* FirebaseInstallations */ = {
			isa = XCSwiftPackageProductDependency;
			package = 59D7591F2ED36A5800920F7C /* XCRemoteSwiftPackageReference "firebase-ios-sdk" */;
			productName = FirebaseInstallations;
		};
		59D759442ED36B4F00920F7C /* FirebaseMLModelDownloader */ = {
			isa = XCSwiftPackageProductDependency;
			package = 59D7591F2ED36A5800920F7C /* XCRemoteSwiftPackageReference "firebase-ios-sdk" */;
			productName = FirebaseMLModelDownloader;
		};
		59D759462ED36B4F00920F7C /* FirebaseMessaging */ = {
			isa = XCSwiftPackageProductDependency;
			package = 59D7591F2ED36A5800920F7C /* XCRemoteSwiftPackageReference "firebase-ios-sdk" */;
			productName = FirebaseMessaging;
		};
		59D759482ED36B4F00920F7C /* FirebasePerformance */ = {
			isa = XCSwiftPackageProductDependency;
			package = 59D7591F2ED36A5800920F7C /* XCRemoteSwiftPackageReference "firebase-ios-sdk" */;
			productName = FirebasePerformance;
		};
		59D7594A2ED36B4F00920F7C /* FirebaseRemoteConfig */ = {
			isa = XCSwiftPackageProductDependency;
			package = 59D7591F2ED36A5800920F7C /* XCRemoteSwiftPackageReference "firebase-ios-sdk" */;
			productName = FirebaseRemoteConfig;
		};
		59D7594C2ED36B4F00920F7C /* FirebaseStorage */ = {
			isa = XCSwiftPackageProductDependency;
			package = 59D7591F2ED36A5800920F7C /* XCRemoteSwiftPackageReference "firebase-ios-sdk" */;
			productName = FirebaseStorage;
		};
		59D7594E2ED36B4F00920F7C /* FirebaseStorageCombine-Community */ = {
			isa = XCSwiftPackageProductDependency;
			package = 59D7591F2ED36A5800920F7C /* XCRemoteSwiftPackageReference "firebase-ios-sdk" */;
			productName = "FirebaseStorageCombine-Community";
		};
/* End XCSwiftPackageProductDependency section */
	};
	rootObject = 59D759072ED3669100920F7C /* Project object */;
}
